
Microsoft Visual Studio Solution File, Format Version 12.00
# Visual Studio Version 17
VisualStudioVersion = 17.8.34525.116
MinimumVisualStudioVersion = 10.0.40219.1
Project("{FAE04EC0-301F-11D3-BF4B-00C04F79EFBC}") = "FinalDraft(5.6.1)", "FinalDraft(5.6.1)\FinalDraft(5.6.1).csproj", "{E634A4A7-091B-49F1-8F22-62390271D99B}"
EndProject
Global
	GlobalSection(SolutionConfigurationPlatforms) = preSolution
		Debug|Any CPU = Debug|Any CPU
		Release|Any CPU = Release|Any CPU
	EndGlobalSection
	GlobalSection(ProjectConfigurationPlatforms) = postSolution
		{E634A4A7-091B-49F1-8F22-62390271D99B}.Debug|Any CPU.ActiveCfg = Debug|Any CPU
		{E634A4A7-091B-49F1-8F22-62390271D99B}.Debug|Any CPU.Build.0 = Debug|Any CPU
		{E634A4A7-091B-49F1-8F22-62390271D99B}.Release|Any CPU.ActiveCfg = Release|Any CPU
		{E634A4A7-091B-49F1-8F22-62390271D99B}.Release|Any CPU.Build.0 = Release|Any CPU
	EndGlobalSection
	GlobalSection(SolutionProperties) = preSolution
		HideSolutionNode = FALSE
	EndGlobalSection
	GlobalSection(ExtensibilityGlobals) = postSolution
		SolutionGuid = {A855847A-51D8-4C50-9185-2494AE1C7366}
	EndGlobalSection
EndGlobal
